PODS:
  - Alamofire (4.7.3)
  - CodableAlamofire (1.1.0):
    - Alamofire (~> 4.0)
  - FaceAware (1.4.0)
  - Kingfisher (4.8.1)

DEPENDENCIES:
  - CodableAlamofire
  - FaceAware
  - Kingfisher

SPEC REPOS:
  https://github.com/cocoapods/specs.git:
    - Alamofire
    - CodableAlamofire
    - FaceAware
    - Kingfisher

SPEC CHECKSUMS:
  Alamofire: c7287b6e5d7da964a70935e5db17046b7fde6568
  CodableAlamofire: e2d2edcec7cf413f7862c30c8fa98eded27a83f9
  FaceAware: 94410295a219c4a397ce525eab0063d6b17258aa
  Kingfisher: 868c1149679a7ab6869be118faa9b5aed154aaf0

PODFILE CHECKSUM: 77a4694aadbdd169b36b75cc068bf350a5237885

COCOAPODS: 1.5.3
